
Microsoft Visual Studio Solution File, Format Version 12.00
# Visual Studio Version 17
VisualStudioVersion = 17.11.35312.102
MinimumVisualStudioVersion = 10.0.40219.1
Project("{FAE04EC0-301F-11D3-BF4B-00C04F79EFBC}") = "ScrapeRaxxla", "ScrapeRaxxla.csproj", "{372123F5-3EB9-408E-AC73-E58EB5662F6E}"
EndProject
Global
	GlobalSection(SolutionConfigurationPlatforms) = preSolution
		Debug|Any CPU = Debug|Any CPU
		Release|Any CPU = Release|Any CPU
	EndGlobalSection
	GlobalSection(ProjectConfigurationPlatforms) = postSolution
		{372123F5-3EB9-408E-AC73-E58EB5662F6E}.Debug|Any CPU.ActiveCfg = Debug|Any CPU
		{372123F5-3EB9-408E-AC73-E58EB5662F6E}.Debug|Any CPU.Build.0 = Debug|Any CPU
		{372123F5-3EB9-408E-AC73-E58EB5662F6E}.Release|Any CPU.ActiveCfg = Release|Any CPU
		{372123F5-3EB9-408E-AC73-E58EB5662F6E}.Release|Any CPU.Build.0 = Release|Any CPU
	EndGlobalSection
	GlobalSection(SolutionProperties) = preSolution
		HideSolutionNode = FALSE
	EndGlobalSection
	GlobalSection(ExtensibilityGlobals) = postSolution
		SolutionGuid = {601013DE-E9C1-4D2A-BB63-D6D50BD2F6F9}
	EndGlobalSection
EndGlobal
